github.com/jkeys089/jserial v1.0.1 h1:HfeIfj0CrsphI3I5ENhQdZK1UQLda9+a7qrD7Rx5sM4=
github.com/jkeys089/jserial v1.0.1/go.mod h1:ijizqTMsWLPm4w57A0Fu5D4C7+lvqXlrX8GnITfYl9w=
github.com/pkg/errors v0.8.1 h1:iURUrRGxPUNPdy5/HRSm+Yj6okJ6UtLINN0Q9M4+h3I=
github.com/pkg/errors v0.8.1/go.mod h1:bwawxfHBFNV+L2hUp1rHADufV3IMtnDRdf1r5NINEl0=
